{
  "name": "xmrstak-metrics-aggregator",
  "version": "1.0.0",
  "lockfileVersion": 1,
  "requires": true,
  "dependencies": {
    "applicationinsights": {
      "version": "1.0.2",
      "resolved": "https://registry.npmjs.org/applicationinsights/-/applicationinsights-1.0.2.tgz",
      "integrity": "sha1-XQF8EYWsIsgom7IiBB0l+Cx8MVk=",
      "requires": {
        "diagnostic-channel": "0.2.0",
        "diagnostic-channel-publishers": "0.2.1",
        "zone.js": "0.7.6"
      }
    },
    "cron-parser": {
      "version": "2.4.5",
      "resolved": "https://registry.npmjs.org/cron-parser/-/cron-parser-2.4.5.tgz",
      "integrity": "sha512-J/BXGGFLQCxrLqcGT9Zp1Yz9H1LfZqlUJ7JRgfbtwt6fkWGVKKtMskF/iDxkA7MXJoaYerwyHX48lZuZoOJ1Eg==",
      "requires": {
        "is-nan": "1.2.1",
        "moment-timezone": "0.5.14"
      }
    },
    "define-properties": {
      "version": "1.1.2",
      "resolved": "https://registry.npmjs.org/define-properties/-/define-properties-1.1.2.tgz",
      "integrity": "sha1-g6c/L+pWmJj7c3GTyPhzyvbUXJQ=",
      "requires": {
        "foreach": "2.0.5",
        "object-keys": "1.0.11"
      }
    },
    "diagnostic-channel": {
      "version": "0.2.0",
      "resolved": "https://registry.npmjs.org/diagnostic-channel/-/diagnostic-channel-0.2.0.tgz",
      "integrity": "sha1-zJmvlhLCP7H/8TYSxy8sv6qNWhc=",
      "requires": {
        "semver": "5.5.0"
      }
    },
    "diagnostic-channel-publishers": {
      "version": "0.2.1",
      "resolved": "https://registry.npmjs.org/diagnostic-channel-publishers/-/diagnostic-channel-publishers-0.2.1.tgz",
      "integrity": "sha1-ji1geottef6IC1SLxYzGvrKIxPM="
    },
    "foreach": {
      "version": "2.0.5",
      "resolved": "https://registry.npmjs.org/foreach/-/foreach-2.0.5.tgz",
      "integrity": "sha1-C+4AUBiusmDQo6865ljdATbsG5k="
    },
    "is-nan": {
      "version": "1.2.1",
      "resolved": "https://registry.npmjs.org/is-nan/-/is-nan-1.2.1.tgz",
      "integrity": "sha1-n69ltvttskt/XAYoR16nH5iEAeI=",
      "requires": {
        "define-properties": "1.1.2"
      }
    },
    "long-timeout": {
      "version": "0.1.1",
      "resolved": "https://registry.npmjs.org/long-timeout/-/long-timeout-0.1.1.tgz",
      "integrity": "sha1-lyHXiLR+C8taJMLivuGg2lXatRQ="
    },
    "moment": {
      "version": "2.21.0",
      "resolved": "https://registry.npmjs.org/moment/-/moment-2.21.0.tgz",
      "integrity": "sha512-TCZ36BjURTeFTM/CwRcViQlfkMvL1/vFISuNLO5GkcVm1+QHfbSiNqZuWeMFjj1/3+uAjXswgRk30j1kkLYJBQ=="
    },
    "moment-timezone": {
      "version": "0.5.14",
      "resolved": "https://registry.npmjs.org/moment-timezone/-/moment-timezone-0.5.14.tgz",
      "integrity": "sha1-TrOP+VOLgBCLpGekWPPtQmjM/LE=",
      "requires": {
        "moment": "2.21.0"
      }
    },
    "node-fetch": {
      "version": "2.0.0",
      "resolved": "https://registry.npmjs.org/node-fetch/-/node-fetch-2.0.0.tgz",
      "integrity": "sha1-mCu6Q+zU8pIqKcwYamu7C7c/y6Y="
    },
    "node-schedule": {
      "version": "1.3.0",
      "resolved": "https://registry.npmjs.org/node-schedule/-/node-schedule-1.3.0.tgz",
      "integrity": "sha512-NNwO9SUPjBwFmPh3vXiPVEhJLn4uqYmZYvJV358SRGM06BR4UoIqxJpeJwDDXB6atULsgQA97MfD1zMd5xsu+A==",
      "requires": {
        "cron-parser": "2.4.5",
        "long-timeout": "0.1.1",
        "sorted-array-functions": "1.1.0"
      }
    },
    "object-keys": {
      "version": "1.0.11",
      "resolved": "https://registry.npmjs.org/object-keys/-/object-keys-1.0.11.tgz",
      "integrity": "sha1-xUYBd4rVYPEULODgG8yotW0TQm0="
    },
    "semver": {
      "version": "5.5.0",
      "resolved": "https://registry.npmjs.org/semver/-/semver-5.5.0.tgz",
      "integrity": "sha512-4SJ3dm0WAwWy/NVeioZh5AntkdJoWKxHxcmyP622fOkgHa4z3R0TdBJICINyaSDE6uNwVc8gZr+ZinwZAH4xIA=="
    },
    "sorted-array-functions": {
      "version": "1.1.0",
      "resolved": "https://registry.npmjs.org/sorted-array-functions/-/sorted-array-functions-1.1.0.tgz",
      "integrity": "sha512-zq6fLdGQixb9VZfT/tLgU+LzoedJyTbcf1I/TKETFeUVoWIfcs5HNr+SJSvQJLXRlEZjB1gpILTrxamxAdCcgA=="
    },
    "zone.js": {
      "version": "0.7.6",
      "resolved": "https://registry.npmjs.org/zone.js/-/zone.js-0.7.6.tgz",
      "integrity": "sha1-+7w50+AmHQmG8boGMG6zrrDSIAk="
    }
  }
}
